{
  "version": "4",
  "specifiers": {
    "jsr:@hono/hono@^4.6.12": "4.6.12",
    "jsr:@std/dotenv@*": "0.225.2",
    "npm:@hono/zod-validator@~0.4.1": "0.4.1_hono@4.6.12_zod@3.23.8",
    "npm:@prisma/client@^6.0.1": "6.0.1_prisma@6.0.1",
    "npm:prisma@*": "6.0.1",
    "npm:prisma@latest": "6.0.1",
    "npm:zod@^3.23.8": "3.23.8"
  },
  "jsr": {
    "@hono/hono@4.6.12": {
      "integrity": "fa0b97fa7c3292f0d9957109ac07a475fe485868795b71b8e3114c284152cdb5"
    },
    "@std/dotenv@0.225.2": {
      "integrity": "e2025dce4de6c7bca21dece8baddd4262b09d5187217e231b033e088e0c4dd23"
    }
  },
  "npm": {
    "@hono/zod-validator@0.4.1_hono@4.6.12_zod@3.23.8": {
      "integrity": "sha512-I8LyfeJfvVmC5hPjZ2Iij7RjexlgSBT7QJudZ4JvNPLxn0JQ3sqclz2zydlwISAnw21D2n4LQ0nfZdoiv9fQQA==",
      "dependencies": [
        "hono",
        "zod"
      ]
    },
    "@prisma/client@6.0.1_prisma@6.0.1": {
      "integrity": "sha512-60w7kL6bUxz7M6Gs/V+OWMhwy94FshpngVmOY05TmGD0Lhk+Ac0ZgtjlL6Wll9TD4G03t4Sq1wZekNVy+Xdlbg==",
      "dependencies": [
        "prisma"
      ]
    },
    "@prisma/debug@6.0.1": {
      "integrity": "sha512-jQylgSOf7ibTVxqBacnAlVGvek6fQxJIYCQOeX2KexsfypNzXjJQSS2o5s+Mjj2Np93iSOQUaw6TvPj8syhG4w=="
    },
    "@prisma/engines-version@5.23.0-27.5dbef10bdbfb579e07d35cc85fb1518d357cb99e": {
      "integrity": "sha512-JmIds0Q2/vsOmnuTJYxY4LE+sajqjYKhLtdOT6y4imojqv5d/aeVEfbBGC74t8Be1uSp0OP8lxIj2OqoKbLsfQ=="
    },
    "@prisma/engines@6.0.1": {
      "integrity": "sha512-4hxzI+YQIR2uuDyVsDooFZGu5AtixbvM2psp+iayDZ4hRrAHo/YwgA17N23UWq7G6gRu18NvuNMb48qjP3DPQw==",
      "dependencies": [
        "@prisma/debug",
        "@prisma/engines-version",
        "@prisma/fetch-engine",
        "@prisma/get-platform"
      ]
    },
    "@prisma/fetch-engine@6.0.1": {
      "integrity": "sha512-T36bWFVGeGYYSyYOj9d+O9G3sBC+pAyMC+jc45iSL63/Haq1GrYjQPgPMxrEj9m739taXrupoysRedQ+VyvM/Q==",
      "dependencies": [
        "@prisma/debug",
        "@prisma/engines-version",
        "@prisma/get-platform"
      ]
    },
    "@prisma/get-platform@6.0.1": {
      "integrity": "sha512-zspC9vlxAqx4E6epMPMLLBMED2VD8axDe8sPnquZ8GOsn6tiacWK0oxrGK4UAHYzYUVuMVUApJbdXB2dFpLhvg==",
      "dependencies": [
        "@prisma/debug"
      ]
    },
    "fsevents@2.3.3": {
      "integrity": "sha512-5xoDfX+fL7faATnagmWPpbFtwh/R77WmMMqqHGS65C3vvB0YHrgF+B1YmZ3441tMj5n63k0212XNoJwzlhffQw=="
    },
    "hono@4.6.12": {
      "integrity": "sha512-eHtf4kSDNw6VVrdbd5IQi16r22m3s7mWPLd7xOMhg1a/Yyb1A0qpUFq8xYMX4FMuDe1nTKeMX5rTx7Nmw+a+Ag=="
    },
    "prisma@6.0.1": {
      "integrity": "sha512-CaMNFHkf+DDq8zq3X/JJsQ4Koy7dyWwwtOKibkT/Am9j/tDxcfbg7+lB1Dzhx18G/+RQCMgjPYB61bhRqteNBQ==",
      "dependencies": [
        "@prisma/engines",
        "fsevents"
      ]
    },
    "zod@3.23.8": {
      "integrity": "sha512-XBx9AXhXktjUqnepgTiE5flcKIYWi/rme0Eaj+5Y0lftuGBq+jyRu/md4WnuxqgP1ubdpNCsYEYPxrzVHD8d6g=="
    }
  },
  "remote": {
    "https://deno.land/std@0.150.0/_util/assert.ts": "e94f2eb37cebd7f199952e242c77654e43333c1ac4c5c700e929ea3aa5489f74",
    "https://deno.land/std@0.150.0/async/abortable.ts": "87aa7230be8360c24ad437212311c9e8d4328854baec27b4c7abb26e85515c06",
    "https://deno.land/std@0.150.0/async/deadline.ts": "48ac998d7564969f3e6ec6b6f9bf0217ebd00239b1b2292feba61272d5dd58d0",
    "https://deno.land/std@0.150.0/async/debounce.ts": "564273ef242bcfcda19a439132f940db8694173abffc159ea34f07d18fc42620",
    "https://deno.land/std@0.150.0/async/deferred.ts": "bc18e28108252c9f67dfca2bbc4587c3cbf3aeb6e155f8c864ca8ecff992b98a",
    "https://deno.land/std@0.150.0/async/delay.ts": "cbbdf1c87d1aed8edc7bae13592fb3e27e3106e0748f089c263390d4f49e5f6c",
    "https://deno.land/std@0.150.0/async/mod.ts": "9852cd8ed897ab2d41a8fbee611d574e97898327db5c19d9d58e41126473f02c",
    "https://deno.land/std@0.150.0/async/mux_async_iterator.ts": "5b4aca6781ad0f2e19ccdf1d1a1c092ccd3e00d52050d9c27c772658c8367256",
    "https://deno.land/std@0.150.0/async/pool.ts": "ef9eb97b388543acbf0ac32647121e4dbe629236899586c4d4311a8770fbb239",
    "https://deno.land/std@0.150.0/async/tee.ts": "bcfae0017ebb718cf4eef9e2420e8675d91cb1bcc0ed9b668681af6e6caad846",
    "https://deno.land/std@0.150.0/bytes/bytes_list.ts": "aba5e2369e77d426b10af1de0dcc4531acecec27f9b9056f4f7bfbf8ac147ab4",
    "https://deno.land/std@0.150.0/bytes/equals.ts": "3c3558c3ae85526f84510aa2b48ab2ad7bdd899e2e0f5b7a8ffc85acb3a6043a",
    "https://deno.land/std@0.150.0/bytes/mod.ts": "763f97d33051cc3f28af1a688dfe2830841192a9fea0cbaa55f927b49d49d0bf",
    "https://deno.land/std@0.150.0/fmt/colors.ts": "6f9340b7fb8cc25a993a99e5efc56fe81bb5af284ff412129dd06df06f53c0b4",
    "https://deno.land/std@0.150.0/fs/exists.ts": "cb734d872f8554ea40b8bff77ad33d4143c1187eac621a55bf37781a43c56f6d",
    "https://deno.land/std@0.150.0/http/server.ts": "0b0a9f3abfcfecead944b31ee9098a0c11a59b0495bf873ee200eb80e7441483",
    "https://deno.land/std@0.150.0/io/buffer.ts": "bd0c4bf53db4b4be916ca5963e454bddfd3fcd45039041ea161dbf826817822b",
    "https://deno.land/std@0.150.0/log/handlers.ts": "b88c24df61eaeee8581dbef3622f21aebfd061cd2fda49affc1711c0e54d57da",
    "https://deno.land/std@0.150.0/log/levels.ts": "82c965b90f763b5313e7595d4ba78d5095a13646d18430ebaf547526131604d1",
    "https://deno.land/std@0.150.0/log/logger.ts": "4d25581bc02dfbe3ad7e8bb480e1f221793a85be5e056185a0cea134f7a7fdf4",
    "https://deno.land/std@0.150.0/log/mod.ts": "65d2702785714b8d41061426b5c279f11b3dcbc716f3eb5384372a430af63961",
    "https://deno.land/std@0.150.0/testing/_diff.ts": "029a00560b0d534bc0046f1bce4bd36b3b41ada3f2a3178c85686eb2ff5f1413",
    "https://deno.land/std@0.150.0/testing/_format.ts": "0d8dc79eab15b67cdc532826213bbe05bccfd276ca473a50a3fc7bbfb7260642",
    "https://deno.land/std@0.150.0/testing/_test_suite.ts": "ad453767aeb8c300878a6b7920e20370f4ce92a7b6c8e8a5d1ac2b7c14a09acb",
    "https://deno.land/std@0.150.0/testing/asserts.ts": "0ee58a557ac764e762c62bb21f00e7d897e3919e71be38b2d574fb441d721005",
    "https://deno.land/std@0.150.0/testing/bdd.ts": "182bb823e09bd75b76063ecf50722870101b7cfadf97a09fa29127279dc21128",
    "https://deno.land/std@0.158.0/_util/assert.ts": "e94f2eb37cebd7f199952e242c77654e43333c1ac4c5c700e929ea3aa5489f74",
    "https://deno.land/std@0.158.0/async/deferred.ts": "c01de44b9192359cebd3fe93273fcebf9e95110bf3360023917da9a2d1489fae",
    "https://deno.land/std@0.158.0/async/delay.ts": "0419dfc993752849692d1f9647edf13407c7facc3509b099381be99ffbc9d699",
    "https://deno.land/std@0.158.0/bytes/bytes_list.ts": "aba5e2369e77d426b10af1de0dcc4531acecec27f9b9056f4f7bfbf8ac147ab4",
    "https://deno.land/std@0.158.0/bytes/equals.ts": "3c3558c3ae85526f84510aa2b48ab2ad7bdd899e2e0f5b7a8ffc85acb3a6043a",
    "https://deno.land/std@0.158.0/bytes/mod.ts": "763f97d33051cc3f28af1a688dfe2830841192a9fea0cbaa55f927b49d49d0bf",
    "https://deno.land/std@0.158.0/io/buffer.ts": "fae02290f52301c4e0188670e730cd902f9307fb732d79c4aa14ebdc82497289",
    "https://deno.land/std@0.162.0/async/abortable.ts": "87aa7230be8360c24ad437212311c9e8d4328854baec27b4c7abb26e85515c06",
    "https://deno.land/std@0.162.0/async/deadline.ts": "48ac998d7564969f3e6ec6b6f9bf0217ebd00239b1b2292feba61272d5dd58d0",
    "https://deno.land/std@0.162.0/async/debounce.ts": "dc8b92d4a4fe7eac32c924f2b8d3e62112530db70cadce27042689d82970b350",
    "https://deno.land/std@0.162.0/async/deferred.ts": "d8fb253ffde2a056e4889ef7e90f3928f28be9f9294b6505773d33f136aab4e6",
    "https://deno.land/std@0.162.0/async/delay.ts": "0419dfc993752849692d1f9647edf13407c7facc3509b099381be99ffbc9d699",
    "https://deno.land/std@0.162.0/async/mod.ts": "dd0a8ed4f3984ffabe2fcca7c9f466b7932d57b1864ffee148a5d5388316db6b",
    "https://deno.land/std@0.162.0/async/mux_async_iterator.ts": "3447b28a2a582224a3d4d3596bccbba6e85040da3b97ed64012f7decce98d093",
    "https://deno.land/std@0.162.0/async/pool.ts": "ef9eb97b388543acbf0ac32647121e4dbe629236899586c4d4311a8770fbb239",
    "https://deno.land/std@0.162.0/async/tee.ts": "9af3a3e7612af75861308b52249e167f5ebc3dcfc8a1a4d45462d96606ee2b70",
    "https://deno.land/std@0.162.0/http/server.ts": "e99c1bee8a3f6571ee4cdeb2966efad465b8f6fe62bec1bdb59c1f007cc4d155",
    "https://deno.land/std@0.177.0/_util/asserts.ts": "178dfc49a464aee693a7e285567b3d0b555dc805ff490505a8aae34f9cfb1462",
    "https://deno.land/std@0.177.0/_util/os.ts": "d932f56d41e4f6a6093d56044e29ce637f8dcc43c5a90af43504a889cf1775e3",
    "https://deno.land/std@0.177.0/bytes/index_of_needle.ts": "65c939607df609374c4415598fa4dad04a2f14c4d98cd15775216f0aaf597f24",
    "https://deno.land/std@0.177.0/encoding/base64.ts": "7de04c2f8aeeb41453b09b186480be90f2ff357613b988e99fabb91d2eeceba1",
    "https://deno.land/std@0.177.0/encoding/base64url.ts": "3f1178f6446834457b16bfde8b559c1cd3481727fe384d3385e4a9995dc2d851",
    "https://deno.land/std@0.177.0/node/_core.ts": "9a58c0ef98ee77e9b8fcc405511d1b37a003a705eb6a9b6e95f75434d8009adc",
    "https://deno.land/std@0.177.0/node/_utils.ts": "7fd55872a0cf9275e3c080a60e2fa6d45b8de9e956ebcde9053e72a344185884",
    "https://deno.land/std@0.177.0/node/buffer.ts": "85617be2063eccaf177dbb84c7580d1e32023724ed14bd9df4e453b152a26167",
    "https://deno.land/std@0.177.0/node/internal/buffer.mjs": "e92303a3cc6d9aaabcd270a937ad9319825d9ba08cb332650944df4562029b27",
    "https://deno.land/std@0.177.0/node/internal/crypto/_keys.ts": "8f3c3b5a141aa0331a53c205e9338655f1b3b307a08085fd6ff6dda6f7c4190b",
    "https://deno.land/std@0.177.0/node/internal/crypto/constants.ts": "544d605703053218499b08214f2e25cf4310651d535b7ab995891c4b7a217693",
    "https://deno.land/std@0.177.0/node/internal/error_codes.ts": "8495e33f448a484518d76fa3d41d34fc20fe03c14b30130ad8e936b0035d4b8b",
    "https://deno.land/std@0.177.0/node/internal/errors.ts": "1c699b8a3cb93174f697a348c004b1c6d576b66688eac8a48ebb78e65c720aae",
    "https://deno.land/std@0.177.0/node/internal/hide_stack_frames.ts": "9dd1bad0a6e62a1042ce3a51eb1b1ecee2f246907bff44835f86e8f021de679a",
    "https://deno.land/std@0.177.0/node/internal/normalize_encoding.mjs": "fd1d9df61c44d7196432f6e8244621468715131d18cc79cd299fc78ac549f707",
    "https://deno.land/std@0.177.0/node/internal/primordials.mjs": "a72d86b5aa55d3d50b8e916b6a59b7cc0dc5a31da8937114b4a113ad5aa08c74",
    "https://deno.land/std@0.177.0/node/internal/util.mjs": "f7fe2e1ca5e66f550ad0856b9f5ee4d666f0c071fe212ea7fc7f37cfa81f97a5",
    "https://deno.land/std@0.177.0/node/internal/util/inspect.mjs": "11d7c9cab514b8e485acc3978c74b837263ff9c08ae4537fa18ad56bae633259",
    "https://deno.land/std@0.177.0/node/internal/util/types.ts": "0e587b44ec5e017cf228589fc5ce9983b75beece6c39409c34170cfad49d6417",
    "https://deno.land/std@0.177.0/node/internal/validators.mjs": "e02f2b02dd072a5d623970292588d541204dc82207b4c58985d933a5f4b382e6",
    "https://deno.land/std@0.177.0/node/internal_binding/_libuv_winerror.ts": "30c9569603d4b97a1f1a034d88a3f74800d5ea1f12fcc3d225c9899d4e1a518b",
    "https://deno.land/std@0.177.0/node/internal_binding/_node.ts": "cb2389b0eab121df99853eb6a5e3a684e4537e065fb8bf2cca0cbf219ce4e32e",
    "https://deno.land/std@0.177.0/node/internal_binding/_utils.ts": "7c58a2fbb031a204dee9583ba211cf9c67922112fe77e7f0b3226112469e9fe1",
    "https://deno.land/std@0.177.0/node/internal_binding/_winerror.ts": "3e8cfdfe22e89f13d2b28529bab35155e6b1730c0221ec5a6fc7077dc037be13",
    "https://deno.land/std@0.177.0/node/internal_binding/buffer.ts": "31729e0537921d6c730ad0afea44a7e8a0a1044d070ade8368226cb6f7390c8b",
    "https://deno.land/std@0.177.0/node/internal_binding/constants.ts": "21ff9d1ee71d0a2086541083a7711842fc6ae25e264dbf45c73815aadce06f4c",
    "https://deno.land/std@0.177.0/node/internal_binding/string_decoder.ts": "54c3c1cbd5a9254881be58bf22637965dc69535483014dab60487e299cb95445",
    "https://deno.land/std@0.177.0/node/internal_binding/types.ts": "2187595a58d2cf0134f4db6cc2a12bf777f452f52b15b6c3aed73fa072aa5fc3",
    "https://deno.land/std@0.177.0/node/internal_binding/util.ts": "808ff3b92740284184ab824adfc420e75398c88c8bccf5111f0c24ac18c48f10",
    "https://deno.land/std@0.177.0/node/internal_binding/uv.ts": "eb0048e30af4db407fb3f95563e30d70efd6187051c033713b0a5b768593a3a3",
    "https://deno.land/x/hono@v3.0.0/adapter/deno/serve-static.ts": "d1c21498ced39849fa0bb23b372bf5d30677916fdbc875902735700ca1e789e3",
    "https://deno.land/x/hono@v3.0.0/client/client.ts": "c720020a167139dfe8d6af7b91c0c5db38186722b380fb0bb251bae685a2103e",
    "https://deno.land/x/hono@v3.0.0/client/index.ts": "7ad089b121f2613a0eaedd3d8aa8307a48bf3bf48f6c38281d6e73ee35f0d7ea",
    "https://deno.land/x/hono@v3.0.0/client/utils.ts": "781ec703f3e685cf02a201cfa717be111820ef89bebd7cb5968c6823310aebaa",
    "https://deno.land/x/hono@v3.0.0/compose.ts": "9bc97f737857da061b2294eb9812b7e0ca773acc2e913c11bf93d5732c0469f0",
    "https://deno.land/x/hono@v3.0.0/context.ts": "b053da7ec49c7a32f10572f951ae68347260ffab62fcce76cbc2ce544fe44d23",
    "https://deno.land/x/hono@v3.0.0/hono.ts": "4929cefc738a4bd5efea2371f0c5338d27e9de91045b1c223ab98eda5a0364d5",
    "https://deno.land/x/hono@v3.0.0/http-exception.ts": "e74a5e8504ecf795e9babdc2bab9d4052e1806a7396efc89f8e1ed83e813e3be",
    "https://deno.land/x/hono@v3.0.0/middleware.ts": "d2c886e2f63b91b17f05a11f598ca101912c8fbfd66a25aef345b934ccfcd603",
    "https://deno.land/x/hono@v3.0.0/middleware/basic-auth/index.ts": "0664ddf00c9f08a5109f92e93264678de55e90c341955c746bafa8f99ecab1eb",
    "https://deno.land/x/hono@v3.0.0/middleware/bearer-auth/index.ts": "11d4ead9b57f5bcb2b6b4bf27076871f15da0e1e8828b2b79d90c15423357b47",
    "https://deno.land/x/hono@v3.0.0/middleware/cache/index.ts": "2e86e089ebce01611ab5e231a6fbf7953ebabee3ab68362fcacea752ef48a0ab",
    "https://deno.land/x/hono@v3.0.0/middleware/compress/index.ts": "0b8ddbd70688361d5ef4e9418afa28affe2500a7f41a231a87873dad26ef5548",
    "https://deno.land/x/hono@v3.0.0/middleware/cors/index.ts": "10a743dcc793204835a5299070e2afaabb7e81cb742262faa9f1181f5e5d65ac",
    "https://deno.land/x/hono@v3.0.0/middleware/etag/index.ts": "e679c30ddd2600087521a7c1dac3798c2319c09d203bb627b54357b984fc72e7",
    "https://deno.land/x/hono@v3.0.0/middleware/html/index.ts": "a5028d8170dcc030d003749e743213e6532ff65798b741b81220207abc9af82d",
    "https://deno.land/x/hono@v3.0.0/middleware/jsx/index.ts": "1925e4bf01ef1252b9bda6b0c4f79520b138ee319c41df3218cb3bf10c0ed248",
    "https://deno.land/x/hono@v3.0.0/middleware/jwt/index.ts": "4af4649d9ae8ff2e767e53692d1974c956f523ab47a2560b869083cb493441ca",
    "https://deno.land/x/hono@v3.0.0/middleware/logger/index.ts": "281b0fe431183a5d7b8d576645370efbd2737aeefaac7dc989d1c90dc03c52c0",
    "https://deno.land/x/hono@v3.0.0/middleware/powered-by/index.ts": "7ec561885ac0410786f78aeb9789ed7869edb2d43c615cbc3d14f21baee87359",
    "https://deno.land/x/hono@v3.0.0/middleware/pretty-json/index.ts": "f4a4b2fa2ecb73e23da6f0ef716fe7d6a7f05c69f64dc7f89fc68cbcb204a87f",
    "https://deno.land/x/hono@v3.0.0/mod.ts": "e771d1c9f711b78f7540134e44a1ceda308fe0af58cb4c83ce7434c56c224670",
    "https://deno.land/x/hono@v3.0.0/request.ts": "e3b38e76f7d13596266e644c8598d324c56ae73af263c3bf029f6ffeafdb221b",
    "https://deno.land/x/hono@v3.0.0/router.ts": "21448bc2e6019574c10fae11237da4367037fa107e68bf3d049cd2fd0efd2adb",
    "https://deno.land/x/hono@v3.0.0/router/reg-exp-router/index.ts": "52755829213941756159b7a963097bafde5cc4fc22b13b1c7c9184dc0512d1db",
    "https://deno.land/x/hono@v3.0.0/router/reg-exp-router/node.ts": "8006b5bccb83d9fc98e0562a5545f6dd0be639ce445b089a6171c9c617aa8693",
    "https://deno.land/x/hono@v3.0.0/router/reg-exp-router/router.ts": "35a405c855cf6d10c350a651169c2c728fd19aaf3d3a0c416e5a06752914e6bd",
    "https://deno.land/x/hono@v3.0.0/router/reg-exp-router/trie.ts": "567493b301c44174f0895aedb8d055bbecf88f8a25626fa8ca61333bbd0c882c",
    "https://deno.land/x/hono@v3.0.0/router/smart-router/index.ts": "74f9b4fe15ea535900f2b9b048581915f12fe94e531dd2b0032f5610e61c3bef",
    "https://deno.land/x/hono@v3.0.0/router/smart-router/router.ts": "1d54f5c87875d856ed5fc2d22a100e1ff31debe3e9d8e9b1cc18d8e5706239f2",
    "https://deno.land/x/hono@v3.0.0/router/trie-router/index.ts": "3eb75e7f71ba81801631b30de6b1f5cefb2c7239c03797e2b2cbab5085911b41",
    "https://deno.land/x/hono@v3.0.0/router/trie-router/node.ts": "ca5b6a1ce6b6dc01003809bfa9cb93a323b37b27feee14c64655015deff7d2a9",
    "https://deno.land/x/hono@v3.0.0/router/trie-router/router.ts": "0a969528a0c1680b552b20f0ca90e484e968ac279be9d5fd952b61a804d680e7",
    "https://deno.land/x/hono@v3.0.0/utils/body.ts": "b6b5ed679122968a74845df4c5454c677f09adc4f3466d822f3b1397884e540e",
    "https://deno.land/x/hono@v3.0.0/utils/buffer.ts": "d28ab08d2571e890ec2ad7ce4c0318a503094f8403eac3d5eb18a8e5c23b29b2",
    "https://deno.land/x/hono@v3.0.0/utils/cookie.ts": "545872bd7af3b455c24fd386ecbccfd161e7d4a0038d6b09b1bb22723602f90a",
    "https://deno.land/x/hono@v3.0.0/utils/crypto.ts": "bda0e141bbe46d3a4a20f8fbcb6380d473b617123d9fdfa93e4499410b537acc",
    "https://deno.land/x/hono@v3.0.0/utils/encode.ts": "b628be2de7ab48cc806b1e5b93b3baf6886b7656d6d65dfa80f4fcd9c0f63a5f",
    "https://deno.land/x/hono@v3.0.0/utils/filepath.ts": "5f708bb6a2f0b8e83a3333868ac86abdfba15e52b46acb5e13018fa2138f0826",
    "https://deno.land/x/hono@v3.0.0/utils/html.ts": "636c4a04eaea1c52c14a37cd28d83cba66b293d1e31420a4475e951268901ae4",
    "https://deno.land/x/hono@v3.0.0/utils/http-status.ts": "2d6003e352c1fe918db663fa4bd2b20bf0b9d4e1699ba5e163f317f00b29d938",
    "https://deno.land/x/hono@v3.0.0/utils/jwt/index.ts": "5e4b82a42eb3603351dfce726cd781ca41cb57437395409d227131aec348d2d5",
    "https://deno.land/x/hono@v3.0.0/utils/jwt/jwt.ts": "4fefadfb914ad88282949d0cce2be16bdbd0b0614d15ecbb340c4fc47a9929b9",
    "https://deno.land/x/hono@v3.0.0/utils/jwt/types.ts": "715514fe59f0c37048b2940528bd4f4ec5795e04f0bc1d6d7e33f8d8bb1fe9de",
    "https://deno.land/x/hono@v3.0.0/utils/mime.ts": "e17bdbac85b97c3d223c48874c2abe867e0720461e9f7e0c340141c080b9c6d6",
    "https://deno.land/x/hono@v3.0.0/utils/url.ts": "2cf0f38d976761296ccaf2622b6999b7c0c1d3a1f63f066a6f832288ea7c28d9",
    "https://deno.land/x/hono@v3.0.0/validator/index.ts": "3dc2c9418dee74333ea8b98642ce112b6d449042bbcefe1e835047fcf2458170",
    "https://deno.land/x/hono@v3.0.0/validator/validator.ts": "9b2c9983b6b8a31cbc1f687096e232fb159004c15421e39cb050da2ac0f78c95",
    "https://deno.land/x/socket_io@0.2.0/deps.ts": "136b3fc7c55f2a06a367965da3395f1bf7de66d36a0d91c5f795084fa8c67ab3",
    "https://deno.land/x/socket_io@0.2.0/mod.ts": "61277a4145c378b602e8146ed4302117f130cf3b018c0a07bcb917e1b8c9fcf4",
    "https://deno.land/x/socket_io@0.2.0/packages/engine.io-parser/base64-arraybuffer.ts": "57ccea6679609df5416159fcc8a47936ad28ad6fe32235ef78d9223a3a823407",
    "https://deno.land/x/socket_io@0.2.0/packages/engine.io-parser/mod.ts": "27d35094e2159ba49f6e74f11ed83b6208a6adb5a2d5ab3cbbdcdc9dc0e36ae7",
    "https://deno.land/x/socket_io@0.2.0/packages/engine.io/lib/cors.ts": "e39b530dc3526ef85f288766ce592fa5cce2ec38b3fa19922041a7885b79b67c",
    "https://deno.land/x/socket_io@0.2.0/packages/engine.io/lib/server.ts": "1321852222ccf6b656787881fe0112c2a62930beaf1a56b6f5b327511323176f",
    "https://deno.land/x/socket_io@0.2.0/packages/engine.io/lib/socket.ts": "b4ae4e2fad305c6178785a1a2ae220e38dfb31dc0ae43759c3d3a4f96ca48c9b",
    "https://deno.land/x/socket_io@0.2.0/packages/engine.io/lib/transport.ts": "8d09ae6bde2f71942cfbae96265aa693387e054776cf2ef5a3b4f8aafa9a427f",
    "https://deno.land/x/socket_io@0.2.0/packages/engine.io/lib/transports/polling.ts": "3d3cf369eb430360b57eaf18c74fb7783a1641ed8613c460cdfa8f663ca66be4",
    "https://deno.land/x/socket_io@0.2.0/packages/engine.io/lib/transports/websocket.ts": "fd818e91e10c55b587a221669f90cc79df42574f781e50ef73bf3539fd9bcfee",
    "https://deno.land/x/socket_io@0.2.0/packages/engine.io/lib/util.ts": "9f396a141422c8a2e2ef4cbb31c8b7ec96665d8f1ca397888eaaa9ad28ca8c65",
    "https://deno.land/x/socket_io@0.2.0/packages/engine.io/mod.ts": "3f7d85ebd3bee6e17838f4867927d808f35090a71e088fd4dd802e3255d44c4a",
    "https://deno.land/x/socket_io@0.2.0/packages/event-emitter/mod.ts": "dcb2cb9c0b409060cf15a6306a8dbebea844aa3c58f782ed1d4bc3ccef7c2835",
    "https://deno.land/x/socket_io@0.2.0/packages/msgpack/lib/decode.ts": "5906fa37474130b09fe308adb53c95e40d2484a015891be3249fb2f626c462bb",
    "https://deno.land/x/socket_io@0.2.0/packages/msgpack/lib/encode.ts": "15dab78be56d539c03748c9d57086f7fd580eb8fbe2f8209c28750948c7d962e",
    "https://deno.land/x/socket_io@0.2.0/packages/msgpack/mod.ts": "c7f4a9859af3e0b23794b400546d93475b19ba5110a02245112a0a994a31d309",
    "https://deno.land/x/socket_io@0.2.0/packages/socket.io-parser/mod.ts": "44479cf563b0ad80efedd1059cd40114bc5db199b45e623c2764e80f4a264f8c",
    "https://deno.land/x/socket_io@0.2.0/packages/socket.io-redis-adapter/mod.ts": "45d6b7f077f94fec385152bda7fda5ac3153c2ca3548cf4859891af673fa97cc",
    "https://deno.land/x/socket_io@0.2.0/packages/socket.io/lib/adapter.ts": "8f606f3fe57712221a73a6b01aa8bf1be39c4530ec8ebb8d2905d5313d4da9c4",
    "https://deno.land/x/socket_io@0.2.0/packages/socket.io/lib/broadcast-operator.ts": "d842eb933acc996a05ac701f6d83ffee49ee9c905c9adbdee70832776045bf63",
    "https://deno.land/x/socket_io@0.2.0/packages/socket.io/lib/client.ts": "b78e965dc3ab35d2fb9ccb859f4e1ce43d7c830aae9448d4958fa8ef9627eb4d",
    "https://deno.land/x/socket_io@0.2.0/packages/socket.io/lib/namespace.ts": "920f16545ec4220831b0aa2164e256915c7f4dec318d1527efeae1596b831fe3",
    "https://deno.land/x/socket_io@0.2.0/packages/socket.io/lib/parent-namespace.ts": "2d7f8a70498d161856aec522ae2f98727d58c5a9c252ad51a6ab5830b4fa9e2e",
    "https://deno.land/x/socket_io@0.2.0/packages/socket.io/lib/server.ts": "bd450bea5573bb6144a5eded1c03dda93cb3ed8c8c671a6de0261f97307d6c71",
    "https://deno.land/x/socket_io@0.2.0/packages/socket.io/lib/socket.ts": "7b88e37eabd31ce21039321325f51c955d9123133506acf3af692bf9337f081b",
    "https://deno.land/x/socket_io@0.2.0/packages/socket.io/mod.ts": "dfd465bdcf23161af0c4d79fb8fc8912418c46a20d15e8b314cec6d9fb508196",
    "https://deno.land/x/socket_io@0.2.0/test_deps.ts": "1f9dfa07a1e806ccddc9fa5f7255338d9dff67c40d7e83795f4f0f7bd710bde9",
    "https://deno.land/x/socket_io@0.2.0/vendor/deno.land/x/redis@v0.27.1/backoff.ts": "33e4a6e245f8743fbae0ce583993a671a3ac2ecee433a3e7f0bd77b5dd541d84",
    "https://deno.land/x/socket_io@0.2.0/vendor/deno.land/x/redis@v0.27.1/connection.ts": "c31d2e0cb360bc641e7286f1d53cf58790fbcda025c06887f84a821f39d0fdff",
    "https://deno.land/x/socket_io@0.2.0/vendor/deno.land/x/redis@v0.27.1/errors.ts": "bc8f7091cb9f36cdd31229660e0139350b02c26851e3ac69d592c066745feb27",
    "https://deno.land/x/socket_io@0.2.0/vendor/deno.land/x/redis@v0.27.1/executor.ts": "03e5f43df4e0c9c62b0e1be778811d45b6a1966ddf406e21ed5a227af70b7183",
    "https://deno.land/x/socket_io@0.2.0/vendor/deno.land/x/redis@v0.27.1/mod.ts": "20908f005f5c102525ce6aa9261648c95c5f61c6cf782b2cbb2fce88b1220f69",
    "https://deno.land/x/socket_io@0.2.0/vendor/deno.land/x/redis@v0.27.1/pipeline.ts": "80cc26a881149264d51dd019f1044c4ec9012399eca9f516057dc81c9b439370",
    "https://deno.land/x/socket_io@0.2.0/vendor/deno.land/x/redis@v0.27.1/protocol/_util.ts": "0525f7f444a96b92cd36423abdfe221f8d8de4a018dc5cb6750a428a5fc897c2",
    "https://deno.land/x/socket_io@0.2.0/vendor/deno.land/x/redis@v0.27.1/protocol/command.ts": "b1efd3b62fe5d1230e6d96b5c65ba7de1592a1eda2cc927161e5997a15f404ac",
    "https://deno.land/x/socket_io@0.2.0/vendor/deno.land/x/redis@v0.27.1/protocol/mod.ts": "f2601df31d8adc71785b5d19f6a7e43dfce94adbb6735c4dafc1fb129169d11a",
    "https://deno.land/x/socket_io@0.2.0/vendor/deno.land/x/redis@v0.27.1/protocol/reply.ts": "beac2061b03190bada179aef1a5d92b47a5104d9835e8c7468a55c24812ae9e4",
    "https://deno.land/x/socket_io@0.2.0/vendor/deno.land/x/redis@v0.27.1/pubsub.ts": "324b87dae0700e4cb350780ce3ae5bc02780f79f3de35e01366b894668b016c6",
    "https://deno.land/x/socket_io@0.2.0/vendor/deno.land/x/redis@v0.27.1/redis.ts": "a5c2cf8c72e7c92c9c8c6911f98227062649f6cba966938428c5414200f3aa54",
    "https://deno.land/x/socket_io@0.2.0/vendor/deno.land/x/redis@v0.27.1/stream.ts": "f116d73cfe04590ff9fa8a3c08be8ff85219d902ef2f6929b8c1e88d92a07810",
    "https://deno.land/x/socket_io@0.2.0/vendor/deno.land/x/redis@v0.27.1/vendor/https/deno.land/std/async/deferred.ts": "7391210927917113e04247ef013d800d54831f550e9a0b439244675c56058c55",
    "https://deno.land/x/socket_io@0.2.0/vendor/deno.land/x/redis@v0.27.1/vendor/https/deno.land/std/async/delay.ts": "c7e2604f7cb5ef00d595de8dd600604902d5be03a183b515b3d6d4bbb48e1700",
    "https://deno.land/x/socket_io@0.2.0/vendor/deno.land/x/redis@v0.27.1/vendor/https/deno.land/std/io/buffer.ts": "8c5f84b7ecf71bc3e12aa299a9fae9e72e495db05281fcdd62006ecd3c5ed3f3"
  },
  "workspace": {
    "dependencies": [
      "jsr:@hono/hono@^4.6.12",
      "npm:@hono/zod-validator@~0.4.1",
      "npm:@prisma/client@^6.0.1",
      "npm:zod@^3.23.8"
    ]
  }
}
